// !$*UTF8*$!
{
	archiveVersion = 1;
	classes = {
	};
	objectVersion = 50;
	objects = {

/* Begin PBXBuildFile section */
		6361F39D274D569700736BA0 /* AppDelegate.swift in Sources */ = {isa = PBXBuildFile; fileRef = 6361F39C274D569700736BA0 /* AppDelegate.swift */; };
		6361F39F274D569700736BA0 /* SceneDelegate.swift in Sources */ = {isa = PBXBuildFile; fileRef = 6361F39E274D569700736BA0 /* SceneDelegate.swift */; };
		6361F3A1274D569700736BA0 /* ViewController.swift in Sources */ = {isa = PBXBuildFile; fileRef = 6361F3A0274D569700736BA0 /* ViewController.swift */; };
		6361F3A4274D569700736BA0 /* Main.storyboard in Resources */ = {isa = PBXBuildFile; fileRef = 6361F3A2274D569700736BA0 /* Main.storyboard */; };
		6361F3A6274D569E00736BA0 /* Assets.xcassets in Resources */ = {isa = PBXBuildFile; fileRef = 6361F3A5274D569E00736BA0 /* Assets.xcassets */; };
		6361F3A9274D569E00736BA0 /* LaunchScreen.storyboard in Resources */ = {isa = PBXBuildFile; fileRef = 6361F3A7274D569E00736BA0 /* LaunchScreen.storyboard */; };
		6361F3B1274D584600736BA0 /* ImageCollectionViewCell.swift in Sources */ = {isa = PBXBuildFile; fileRef = 6361F3B0274D584600736BA0 /* ImageCollectionViewCell.swift */; };
		6361F3B3274D59AF00736BA0 /* NetworkManager.swift in Sources */ = {isa = PBXBuildFile; fileRef = 6361F3B2274D59AF00736BA0 /* NetworkManager.swift */; };
		6361F3B5274D5E9100736BA0 /* Post.swift in Sources */ = {isa = PBXBuildFile; fileRef = 6361F3B4274D5E9100736BA0 /* Post.swift */; };
/* End PBXBuildFile section */

/* Begin PBXFileReference section */
		6361F399274D569700736BA0 /* CachingAndDownloading.app */ = {isa = PBXFileReference; explicitFileType = wrapper.application; includeInIndex = 0; path = CachingAndDownloading.app; sourceTree = BUILT_PRODUCTS_DIR; };
		6361F39C274D569700736BA0 /* AppDelegate.swift */ = {isa = PBXFileReference; lastKnownFileType = sourcecode.swift; path = AppDelegate.swift; sourceTree = "<group>"; };
		6361F39E274D569700736BA0 /* SceneDelegate.swift */ = {isa = PBXFileReference; lastKnownFileType = sourcecode.swift; path = SceneDelegate.swift; sourceTree = "<group>"; };
		6361F3A0274D569700736BA0 /* ViewController.swift */ = {isa = PBXFileReference; lastKnownFileType = sourcecode.swift; path = ViewController.swift; sourceTree = "<group>"; };
		6361F3A3274D569700736BA0 /* Base */ = {isa = PBXFileReference; lastKnownFileType = file.storyboard; name = Base; path = Base.lproj/Main.storyboard; sourceTree = "<group>"; };
		6361F3A5274D569E00736BA0 /* Assets.xcassets */ = {isa = PBXFileReference; lastKnownFileType = folder.assetcatalog; path = Assets.xcassets; sourceTree = "<group>"; };
		6361F3A8274D569E00736BA0 /* Base */ = {isa = PBXFileReference; lastKnownFileType = file.storyboard; name = Base; path = Base.lproj/LaunchScreen.storyboard; sourceTree = "<group>"; };
		6361F3AA274D569E00736BA0 /* Info.plist */ = {isa = PBXFileReference; lastKnownFileType = text.plist.xml; path = Info.plist; sourceTree = "<group>"; };
		6361F3B0274D584600736BA0 /* ImageCollectionViewCell.swift */ = {isa = PBXFileReference; lastKnownFileType = sourcecode.swift; path = ImageCollectionViewCell.swift; sourceTree = "<group>"; };
		6361F3B2274D59AF00736BA0 /* NetworkManager.swift */ = {isa = PBXFileReference; lastKnownFileType = sourcecode.swift; path = NetworkManager.swift; sourceTree = "<group>"; };
		6361F3B4274D5E9100736BA0 /* Post.swift */ = {isa = PBXFileReference; lastKnownFileType = sourcecode.swift; path = Post.swift; sourceTree = "<group>"; };
/* End PBXFileReference section */

/* Begin PBXFrameworksBuildPhase section */
		6361F396274D569700736BA0 /* Frameworks */ = {
			isa = PBXFrameworksBuildPhase;
			buildActionMask = 2147483647;
			files = (
			);
			runOnlyForDeploymentPostprocessing = 0;
		};
/* End PBXFrameworksBuildPhase section */

/* Begin PBXGroup section */
		6361F390274D569700736BA0 = {
			isa = PBXGroup;
			children = (
				6361F39B274D569700736BA0 /* CachingAndDownloading */,
				6361F39A274D569700736BA0 /* Products */,
			);
			sourceTree = "<group>";
		};
		6361F39A274D569700736BA0 /* Products */ = {
			isa = PBXGroup;
			children = (
				6361F399274D569700736BA0 /* CachingAndDownloading.app */,
			);
			name = Products;
			sourceTree = "<group>";
		};
		6361F39B274D569700736BA0 /* CachingAndDownloading */ = {
			isa = PBXGroup;
			children = (
				6361F39C274D569700736BA0 /* AppDelegate.swift */,
				6361F39E274D569700736BA0 /* SceneDelegate.swift */,
				6361F3B0274D584600736BA0 /* ImageCollectionViewCell.swift */,
				6361F3B2274D59AF00736BA0 /* NetworkManager.swift */,
				6361F3B4274D5E9100736BA0 /* Post.swift */,
				6361F3A0274D569700736BA0 /* ViewController.swift */,
				6361F3A2274D569700736BA0 /* Main.storyboard */,
				6361F3A5274D569E00736BA0 /* Assets.xcassets */,
				6361F3A7274D569E00736BA0 /* LaunchScreen.storyboard */,
				6361F3AA274D569E00736BA0 /* Info.plist */,
			);
			path = CachingAndDownloading;
			sourceTree = "<group>";
		};
/* End PBXGroup section */

/* Begin PBXNativeTarget section */
		6361F398274D569700736BA0 /* CachingAndDownloading */ = {
			isa = PBXNativeTarget;
			buildConfigurationList = 6361F3AD274D569E00736BA0 /* Build configuration list for PBXNativeTarget "CachingAndDownloading" */;
			buildPhases = (
				6361F395274D569700736BA0 /* Sources */,
				6361F396274D569700736BA0 /* Frameworks */,
				6361F397274D569700736BA0 /* Resources */,
			);
			buildRules = (
			);
			dependencies = (
			);
			name = CachingAndDownloading;
			productName = CachingAndDownloading;
			productReference = 6361F399274D569700736BA0 /* CachingAndDownloading.app */;
			productType = "com.apple.product-type.application";
		};
/* End PBXNativeTarget section */

/* Begin PBXProject section */
		6361F391274D569700736BA0 /* Project object */ = {
			isa = PBXProject;
			attributes = {
				LastSwiftUpdateCheck = 1250;
				LastUpgradeCheck = 1250;
				TargetAttributes = {
					6361F398274D569700736BA0 = {
						CreatedOnToolsVersion = 12.5.1;
					};
				};
			};
			buildConfigurationList = 6361F394274D569700736BA0 /* Build configuration list for PBXProject "CachingAndDownloading" */;
			compatibilityVersion = "Xcode 9.3";
			developmentRegion = en;
			hasScannedForEncodings = 0;
			knownRegions = (
				en,
				Base,
			);
			mainGroup = 6361F390274D569700736BA0;
			productRefGroup = 6361F39A274D569700736BA0 /* Products */;
			projectDirPath = "";
			projectRoot = "";
			targets = (
				6361F398274D569700736BA0 /* CachingAndDownloading */,
			);
		};
/* End PBXProject section */

/* Begin PBXResourcesBuildPhase section */
		6361F397274D569700736BA0 /* Resources */ = {
			isa = PBXResourcesBuildPhase;
			buildActionMask = 2147483647;
			files = (
				6361F3A9274D569E00736BA0 /* LaunchScreen.storyboard in Resources */,
				6361F3A6274D569E00736BA0 /* Assets.xcassets in Resources */,
				6361F3A4274D569700736BA0 /* Main.storyboard in Resources */,
			);
			runOnlyForDeploymentPostprocessing = 0;
		};
/* End PBXResourcesBuildPhase section */

/* Begin PBXSourcesBuildPhase section */
		6361F395274D569700736BA0 /* Sources */ = {
			isa = PBXSourcesBuildPhase;
			buildActionMask = 2147483647;
			files = (
				6361F3A1274D569700736BA0 /* ViewController.swift in Sources */,
				6361F39D274D569700736BA0 /* AppDelegate.swift in Sources */,
				6361F3B3274D59AF00736BA0 /* NetworkManager.swift in Sources */,
				6361F3B5274D5E9100736BA0 /* Post.swift in Sources */,
				6361F3B1274D584600736BA0 /* ImageCollectionViewCell.swift in Sources */,
				6361F39F274D569700736BA0 /* SceneDelegate.swift in Sources */,
			);
			runOnlyForDeploymentPostprocessing = 0;
		};
/* End PBXSourcesBuildPhase section */

/* Begin PBXVariantGroup section */
		6361F3A2274D569700736BA0 /* Main.storyboard */ = {
			isa = PBXVariantGroup;
			children = (
				6361F3A3274D569700736BA0 /* Base */,
			);
			name = Main.storyboard;
			sourceTree = "<group>";
		};
		6361F3A7274D569E00736BA0 /* LaunchScreen.storyboard */ = {
			isa = PBXVariantGroup;
			children = (
				6361F3A8274D569E00736BA0 /* Base */,
			);
			name = LaunchScreen.storyboard;
			sourceTree = "<group>";
		};
/* End PBXVariantGroup section */

/* Begin XCBuildConfiguration section */
		6361F3AB274D569E00736BA0 /* Debug */ = {
			isa = XCBuildConfiguration;
			buildSettings = {
				ALWAYS_SEARCH_USER_PATHS = NO;
				CLANG_ANALYZER_NONNULL = YES;
				CLANG_ANALYZER_NUMBER_OBJECT_CONVERSION = YES_AGGRESSIVE;
				CLANG_CXX_LANGUAGE_STANDARD = "gnu++14";
				CLANG_CXX_LIBRARY = "libc++";
				CLANG_ENABLE_MODULES = YES;
				CLANG_ENABLE_OBJC_ARC = YES;
				CLANG_ENABLE_OBJC_WEAK = YES;
				CLANG_WARN_BLOCK_CAPTURE_AUTORELEASING = YES;
				CLANG_WARN_BOOL_CONVERSION = YES;
				CLANG_WARN_COMMA = YES;
				CLANG_WARN_CONSTANT_CONVERSION = YES;
				CLANG_WARN_DEPRECATED_OBJC_IMPLEMENTATIONS = YES;
				CLANG_WARN_DIRECT_OBJC_ISA_USAGE = YES_ERROR;
				CLANG_WARN_DOCUMENTATION_COMMENTS = YES;
				CLANG_WARN_EMPTY_BODY = YES;
				CLANG_WARN_ENUM_CONVERSION = YES;
				CLANG_WARN_INFINITE_RECURSION = YES;
				CLANG_WARN_INT_CONVERSION = YES;
				CLANG_WARN_NON_LITERAL_NULL_CONVERSION = YES;
				CLANG_WARN_OBJC_IMPLICIT_RETAIN_SELF = YES;
				CLANG_WARN_OBJC_LITERAL_CONVERSION = YES;
				CLANG_WARN_OBJC_ROOT_CLASS = YES_ERROR;
				CLANG_WARN_QUOTED_INCLUDE_IN_FRAMEWORK_HEADER = YES;
				CLANG_WARN_RANGE_LOOP_ANALYSIS = YES;
				CLANG_WARN_STRICT_PROTOTYPES = YES;
				CLANG_WARN_SUSPICIOUS_MOVE = YES;
				CLANG_WARN_UNGUARDED_AVAILABILITY = YES_AGGRESSIVE;
				CLANG_WARN_UNREACHABLE_CODE = YES;
				CLANG_WARN__DUPLICATE_METHOD_MATCH = YES;
				COPY_PHASE_STRIP = NO;
				DEBUG_INFORMATION_FORMAT = dwarf;
				ENABLE_STRICT_OBJC_MSGSEND = YES;
				ENABLE_TESTABILITY = YES;
				GCC_C_LANGUAGE_STANDARD = gnu11;
				GCC_DYNAMIC_NO_PIC = NO;
				GCC_NO_COMMON_BLOCKS = YES;
				GCC_OPTIMIZATION_LEVEL = 0;
				GCC_PREPROCESSOR_DEFINITIONS = (
					"DEBUG=1",
					"$(inherited)",
				);
				GCC_WARN_64_TO_32_BIT_CONVERSION = YES;
				GCC_WARN_ABOUT_RETURN_TYPE = YES_ERROR;
				GCC_WARN_UNDECLARED_SELECTOR = YES;
				GCC_WARN_UNINITIALIZED_AUTOS = YES_AGGRESSIVE;
				GCC_WARN_UNUSED_FUNCTION = YES;
				GCC_WARN_UNUSED_VARIABLE = YES;
				IPHONEOS_DEPLOYMENT_TARGET = 14.5;
				MTL_ENABLE_DEBUG_INFO = INCLUDE_SOURCE;
				MTL_FAST_MATH = YES;
				ONLY_ACTIVE_ARCH = YES;
				SDKROOT = iphoneos;
				SWIFT_ACTIVE_COMPILATION_CONDITIONS = DEBUG;
				SWIFT_OPTIMIZATION_LEVEL = "-Onone";
			};
			name = Debug;
		};
		6361F3AC274D569E00736BA0 /* Release */ = {
			isa = XCBuildConfiguration;
			buildSettings = {
				ALWAYS_SEARCH_USER_PATHS = NO;
				CLANG_ANALYZER_NONNULL = YES;
				CLANG_ANALYZER_NUMBER_OBJECT_CONVERSION = YES_AGGRESSIVE;
				CLANG_CXX_LANGUAGE_STANDARD = "gnu++14";
				CLANG_CXX_LIBRARY = "libc++";
				CLANG_ENABLE_MODULES = YES;
				CLANG_ENABLE_OBJC_ARC = YES;
				CLANG_ENABLE_OBJC_WEAK = YES;
				CLANG_WARN_BLOCK_CAPTURE_AUTORELEASING = YES;
				CLANG_WARN_BOOL_CONVERSION = YES;
				CLANG_WARN_COMMA = YES;
				CLANG_WARN_CONSTANT_CONVERSION = YES;
				CLANG_WARN_DEPRECATED_OBJC_IMPLEMENTATIONS = YES;
				CLANG_WARN_DIRECT_OBJC_ISA_USAGE = YES_ERROR;
				CLANG_WARN_DOCUMENTATION_COMMENTS = YES;
				CLANG_WARN_EMPTY_BODY = YES;
				CLANG_WARN_ENUM_CONVERSION = YES;
				CLANG_WARN_INFINITE_RECURSION = YES;
				CLANG_WARN_INT_CONVERSION = YES;
				CLANG_WARN_NON_LITERAL_NULL_CONVERSION = YES;
				CLANG_WARN_OBJC_IMPLICIT_RETAIN_SELF = YES;
				CLANG_WARN_OBJC_LITERAL_CONVERSION = YES;
				CLANG_WARN_OBJC_ROOT_CLASS = YES_ERROR;
				CLANG_WARN_QUOTED_INCLUDE_IN_FRAMEWORK_HEADER = YES;
				CLANG_WARN_RANGE_LOOP_ANALYSIS = YES;
				CLANG_WARN_STRICT_PROTOTYPES = YES;
				CLANG_WARN_SUSPICIOUS_MOVE = YES;
				CLANG_WARN_UNGUARDED_AVAILABILITY = YES_AGGRESSIVE;
				CLANG_WARN_UNREACHABLE_CODE = YES;
				CLANG_WARN__DUPLICATE_METHOD_MATCH = YES;
				COPY_PHASE_STRIP = NO;
				DEBUG_INFORMATION_FORMAT = "dwarf-with-dsym";
				ENABLE_NS_ASSERTIONS = NO;
				ENABLE_STRICT_OBJC_MSGSEND = YES;
				GCC_C_LANGUAGE_STANDARD = gnu11;
				GCC_NO_COMMON_BLOCKS = YES;
				GCC_WARN_64_TO_32_BIT_CONVERSION = YES;
				GCC_WARN_ABOUT_RETURN_TYPE = YES_ERROR;
				GCC_WARN_UNDECLARED_SELECTOR = YES;
				GCC_WARN_UNINITIALIZED_AUTOS = YES_AGGRESSIVE;
				GCC_WARN_UNUSED_FUNCTION = YES;
				GCC_WARN_UNUSED_VARIABLE = YES;
				IPHONEOS_DEPLOYMENT_TARGET = 14.5;
				MTL_ENABLE_DEBUG_INFO = NO;
				MTL_FAST_MATH = YES;
				SDKROOT = iphoneos;
				SWIFT_COMPILATION_MODE = wholemodule;
				SWIFT_OPTIMIZATION_LEVEL = "-O";
				VALIDATE_PRODUCT = YES;
			};
			name = Release;
		};
		6361F3AE274D569E00736BA0 /* Debug */ = {
			isa = XCBuildConfiguration;
			buildSettings = {
				ASSETCATALOG_COMPILER_APPICON_NAME = AppIcon;
				ASSETCATALOG_COMPILER_GLOBAL_ACCENT_COLOR_NAME = AccentColor;
				CODE_SIGN_STYLE = Automatic;
				INFOPLIST_FILE = CachingAndDownloading/Info.plist;
				LD_RUNPATH_SEARCH_PATHS = (
					"$(inherited)",
					"@executable_path/Frameworks",
				);
				PRODUCT_BUNDLE_IDENTIFIER = com.CachingAndDownloading;
				PRODUCT_NAME = "$(TARGET_NAME)";
				SWIFT_VERSION = 5.0;
				TARGETED_DEVICE_FAMILY = "1,2";
			};
			name = Debug;
		};
		6361F3AF274D569E00736BA0 /* Release */ = {
			isa = XCBuildConfiguration;
			buildSettings = {
				ASSETCATALOG_COMPILER_APPICON_NAME = AppIcon;
				ASSETCATALOG_COMPILER_GLOBAL_ACCENT_COLOR_NAME = AccentColor;
				CODE_SIGN_STYLE = Automatic;
				INFOPLIST_FILE = CachingAndDownloading/Info.plist;
				LD_RUNPATH_SEARCH_PATHS = (
					"$(inherited)",
					"@executable_path/Frameworks",
				);
				PRODUCT_BUNDLE_IDENTIFIER = com.CachingAndDownloading;
				PRODUCT_NAME = "$(TARGET_NAME)";
				SWIFT_VERSION = 5.0;
				TARGETED_DEVICE_FAMILY = "1,2";
			};
			name = Release;
		};
/* End XCBuildConfiguration section */

/* Begin XCConfigurationList section */
		6361F394274D569700736BA0 /* Build configuration list for PBXProject "CachingAndDownloading" */ = {
			isa = XCConfigurationList;
			buildConfigurations = (
				6361F3AB274D569E00736BA0 /* Debug */,
				6361F3AC274D569E00736BA0 /* Release */,
			);
			defaultConfigurationIsVisible = 0;
			defaultConfigurationName = Release;
		};
		6361F3AD274D569E00736BA0 /* Build configuration list for PBXNativeTarget "CachingAndDownloading" */ = {
			isa = XCConfigurationList;
			buildConfigurations = (
				6361F3AE274D569E00736BA0 /* Debug */,
				6361F3AF274D569E00736BA0 /* Release */,
			);
			defaultConfigurationIsVisible = 0;
			defaultConfigurationName = Release;
		};
/* End XCConfigurationList section */
	};
	rootObject = 6361F391274D569700736BA0 /* Project object */;
}
